
Microsoft Visual Studio Solution File, Format Version 12.00
# Visual Studio 2012
Project("{FAE04EC0-301F-11D3-BF4B-00C04F79EFBC}") = "FakesTesting", "FakesTesting\FakesTesting.csproj", "{1702C151-838E-430E-A6AA-DF2723F72D10}"
EndProject
Project("{FAE04EC0-301F-11D3-BF4B-00C04F79EFBC}") = "UnitTests", "UnitTests\UnitTests.csproj", "{201DA461-1406-4131-ABC7-11276D8166BB}"
EndProject
Global
	GlobalSection(SolutionConfigurationPlatforms) = preSolution
		Debug|Any CPU = Debug|Any CPU
		Release|Any CPU = Release|Any CPU
	EndGlobalSection
	GlobalSection(ProjectConfigurationPlatforms) = postSolution
		{1702C151-838E-430E-A6AA-DF2723F72D10}.Debug|Any CPU.ActiveCfg = Debug|Any CPU
		{1702C151-838E-430E-A6AA-DF2723F72D10}.Debug|Any CPU.Build.0 = Debug|Any CPU
		{1702C151-838E-430E-A6AA-DF2723F72D10}.Release|Any CPU.ActiveCfg = Release|Any CPU
		{1702C151-838E-430E-A6AA-DF2723F72D10}.Release|Any CPU.Build.0 = Release|Any CPU
		{201DA461-1406-4131-ABC7-11276D8166BB}.Debug|Any CPU.ActiveCfg = Debug|Any CPU
		{201DA461-1406-4131-ABC7-11276D8166BB}.Debug|Any CPU.Build.0 = Debug|Any CPU
		{201DA461-1406-4131-ABC7-11276D8166BB}.Release|Any CPU.ActiveCfg = Release|Any CPU
		{201DA461-1406-4131-ABC7-11276D8166BB}.Release|Any CPU.Build.0 = Release|Any CPU
	EndGlobalSection
	GlobalSection(SolutionProperties) = preSolution
		HideSolutionNode = FALSE
	EndGlobalSection
EndGlobal
